// !$*UTF8*$!
{
	archiveVersion = 1;
	classes = {
	};
	objectVersion = 50;
	objects = {

/* Begin PBXBuildFile section */
		095B67E08F2BCA89E2F59442 /* Pods_Yandex_Music.framework in Frameworks */ = {isa = PBXBuildFile; fileRef = 1E5587C1DF8EF4E2FDE39258 /* Pods_Yandex_Music.framework */; };
		3CCE49B006AD4502F8259C97 /* Pods_Yandex_MusicTests.framework in Frameworks */ = {isa = PBXBuildFile; fileRef = 94C80097C92EE73454BB8979 /* Pods_Yandex_MusicTests.framework */; };
		7C9B83DDCA60EA2C91CF5BB3 /* Pods_Yandex_Music_Yandex_MusicUITests.framework in Frameworks */ = {isa = PBXBuildFile; fileRef = 25C57E64288134E52AE2586B /* Pods_Yandex_Music_Yandex_MusicUITests.framework */; };
		B90F5F0124FECD840060BCF7 /* URLConvertible.swift in Sources */ = {isa = PBXBuildFile; fileRef = B90F5EFB24FECD840060BCF7 /* URLConvertible.swift */; };
		B90F5F0224FECD840060BCF7 /* NetworkManager.swift in Sources */ = {isa = PBXBuildFile; fileRef = B90F5EFC24FECD840060BCF7 /* NetworkManager.swift */; };
		B90F5F0324FECD840060BCF7 /* JSONResponseDecoder.swift in Sources */ = {isa = PBXBuildFile; fileRef = B90F5EFD24FECD840060BCF7 /* JSONResponseDecoder.swift */; };
		B90F5F0424FECD840060BCF7 /* APIRouter.swift in Sources */ = {isa = PBXBuildFile; fileRef = B90F5EFE24FECD840060BCF7 /* APIRouter.swift */; };
		B90F5F0624FECE670060BCF7 /* Constants.swift in Sources */ = {isa = PBXBuildFile; fileRef = B90F5F0524FECE670060BCF7 /* Constants.swift */; };
		B90F5F0824FECFD30060BCF7 /* PassportRouter.swift in Sources */ = {isa = PBXBuildFile; fileRef = B90F5F0724FECFD30060BCF7 /* PassportRouter.swift */; };
		B90F5F0A24FECFEF0060BCF7 /* PassportService.swift in Sources */ = {isa = PBXBuildFile; fileRef = B90F5F0924FECFEF0060BCF7 /* PassportService.swift */; };
		B90F5F1724FED1D50060BCF7 /* URL+Utils.swift in Sources */ = {isa = PBXBuildFile; fileRef = B90F5F0D24FED1D50060BCF7 /* URL+Utils.swift */; };
		B90F5F1824FED1D50060BCF7 /* Int+Utils.swift in Sources */ = {isa = PBXBuildFile; fileRef = B90F5F0E24FED1D50060BCF7 /* Int+Utils.swift */; };
		B90F5F1B24FED1D50060BCF7 /* NSObject+Utils.swift in Sources */ = {isa = PBXBuildFile; fileRef = B90F5F1224FED1D50060BCF7 /* NSObject+Utils.swift */; };
		B90F5F1C24FED1D50060BCF7 /* Array+Utils.swift in Sources */ = {isa = PBXBuildFile; fileRef = B90F5F1324FED1D50060BCF7 /* Array+Utils.swift */; };
		B90F5F1D24FED1D50060BCF7 /* String+Utils.swift in Sources */ = {isa = PBXBuildFile; fileRef = B90F5F1424FED1D50060BCF7 /* String+Utils.swift */; };
		B90F5F2124FED2710060BCF7 /* APIDateFormatter.swift in Sources */ = {isa = PBXBuildFile; fileRef = B90F5F2024FED2710060BCF7 /* APIDateFormatter.swift */; };
		B90F5F2424FED3470060BCF7 /* PassportTests.swift in Sources */ = {isa = PBXBuildFile; fileRef = B90F5F2324FED3470060BCF7 /* PassportTests.swift */; };
		B90F5F2624FED93C0060BCF7 /* Dictionary+Utils.swift in Sources */ = {isa = PBXBuildFile; fileRef = B90F5F2524FED93C0060BCF7 /* Dictionary+Utils.swift */; };
		B90F5F2824FEE2AE0060BCF7 /* TestConstants.swift in Sources */ = {isa = PBXBuildFile; fileRef = B90F5F2724FEE2AE0060BCF7 /* TestConstants.swift */; };
		B90F5F2B24FEEE670060BCF7 /* User.swift in Sources */ = {isa = PBXBuildFile; fileRef = B90F5F2A24FEEE670060BCF7 /* User.swift */; };
		B9B279FA24FEC53D00F34169 /* AppDelegate.swift in Sources */ = {isa = PBXBuildFile; fileRef = B9B279F924FEC53D00F34169 /* AppDelegate.swift */; };
		B9B279FC24FEC54000F34169 /* Assets.xcassets in Resources */ = {isa = PBXBuildFile; fileRef = B9B279FB24FEC54000F34169 /* Assets.xcassets */; };
		B9B279FF24FEC54000F34169 /* MainMenu.xib in Resources */ = {isa = PBXBuildFile; fileRef = B9B279FD24FEC54000F34169 /* MainMenu.xib */; };
		B9B27A1624FEC54000F34169 /* Yandex_MusicUITests.swift in Sources */ = {isa = PBXBuildFile; fileRef = B9B27A1524FEC54000F34169 /* Yandex_MusicUITests.swift */; };
/* End PBXBuildFile section */

/* Begin PBXContainerItemProxy section */
		B9B27A0724FEC54000F34169 /* PBXContainerItemProxy */ = {
			isa = PBXContainerItemProxy;
			containerPortal = B9B279EE24FEC53D00F34169 /* Project object */;
			proxyType = 1;
			remoteGlobalIDString = B9B279F524FEC53D00F34169;
			remoteInfo = "Yandex Music";
		};
		B9B27A1224FEC54000F34169 /* PBXContainerItemProxy */ = {
			isa = PBXContainerItemProxy;
			containerPortal = B9B279EE24FEC53D00F34169 /* Project object */;
			proxyType = 1;
			remoteGlobalIDString = B9B279F524FEC53D00F34169;
			remoteInfo = "Yandex Music";
		};
/* End PBXContainerItemProxy section */

/* Begin PBXFileReference section */
		1E5587C1DF8EF4E2FDE39258 /* Pods_Yandex_Music.framework */ = {isa = PBXFileReference; explicitFileType = wrapper.framework; includeInIndex = 0; path = Pods_Yandex_Music.framework; sourceTree = BUILT_PRODUCTS_DIR; };
		25C57E64288134E52AE2586B /* Pods_Yandex_Music_Yandex_MusicUITests.framework */ = {isa = PBXFileReference; explicitFileType = wrapper.framework; includeInIndex = 0; path = Pods_Yandex_Music_Yandex_MusicUITests.framework; sourceTree = BUILT_PRODUCTS_DIR; };
		293CAF1BEC3AE18B6E32371B /* Pods-Yandex Music-Yandex MusicUITests.debug.xcconfig */ = {isa = PBXFileReference; includeInIndex = 1; lastKnownFileType = text.xcconfig; name = "Pods-Yandex Music-Yandex MusicUITests.debug.xcconfig"; path = "Target Support Files/Pods-Yandex Music-Yandex MusicUITests/Pods-Yandex Music-Yandex MusicUITests.debug.xcconfig"; sourceTree = "<group>"; };
		4AFA44C3A3B89CE2848E5A50 /* Pods-Yandex MusicTests.debug.xcconfig */ = {isa = PBXFileReference; includeInIndex = 1; lastKnownFileType = text.xcconfig; name = "Pods-Yandex MusicTests.debug.xcconfig"; path = "Target Support Files/Pods-Yandex MusicTests/Pods-Yandex MusicTests.debug.xcconfig"; sourceTree = "<group>"; };
		94C80097C92EE73454BB8979 /* Pods_Yandex_MusicTests.framework */ = {isa = PBXFileReference; explicitFileType = wrapper.framework; includeInIndex = 0; path = Pods_Yandex_MusicTests.framework; sourceTree = BUILT_PRODUCTS_DIR; };
		A740967A9E3CBA5CFCE9F7F9 /* Pods-Yandex Music.release.xcconfig */ = {isa = PBXFileReference; includeInIndex = 1; lastKnownFileType = text.xcconfig; name = "Pods-Yandex Music.release.xcconfig"; path = "Target Support Files/Pods-Yandex Music/Pods-Yandex Music.release.xcconfig"; sourceTree = "<group>"; };
		B3CA8A15A17149A00F38E522 /* Pods-Yandex Music.debug.xcconfig */ = {isa = PBXFileReference; includeInIndex = 1; lastKnownFileType = text.xcconfig; name = "Pods-Yandex Music.debug.xcconfig"; path = "Target Support Files/Pods-Yandex Music/Pods-Yandex Music.debug.xcconfig"; sourceTree = "<group>"; };
		B90F5EFB24FECD840060BCF7 /* URLConvertible.swift */ = {isa = PBXFileReference; fileEncoding = 4; lastKnownFileType = sourcecode.swift; path = URLConvertible.swift; sourceTree = "<group>"; };
		B90F5EFC24FECD840060BCF7 /* NetworkManager.swift */ = {isa = PBXFileReference; fileEncoding = 4; lastKnownFileType = sourcecode.swift; path = NetworkManager.swift; sourceTree = "<group>"; };
		B90F5EFD24FECD840060BCF7 /* JSONResponseDecoder.swift */ = {isa = PBXFileReference; fileEncoding = 4; lastKnownFileType = sourcecode.swift; path = JSONResponseDecoder.swift; sourceTree = "<group>"; };
		B90F5EFE24FECD840060BCF7 /* APIRouter.swift */ = {isa = PBXFileReference; fileEncoding = 4; lastKnownFileType = sourcecode.swift; path = APIRouter.swift; sourceTree = "<group>"; };
		B90F5F0524FECE670060BCF7 /* Constants.swift */ = {isa = PBXFileReference; lastKnownFileType = sourcecode.swift; path = Constants.swift; sourceTree = "<group>"; };
		B90F5F0724FECFD30060BCF7 /* PassportRouter.swift */ = {isa = PBXFileReference; fileEncoding = 4; lastKnownFileType = sourcecode.swift; path = PassportRouter.swift; sourceTree = "<group>"; };
		B90F5F0924FECFEF0060BCF7 /* PassportService.swift */ = {isa = PBXFileReference; fileEncoding = 4; lastKnownFileType = sourcecode.swift; path = PassportService.swift; sourceTree = "<group>"; };
		B90F5F0D24FED1D50060BCF7 /* URL+Utils.swift */ = {isa = PBXFileReference; fileEncoding = 4; lastKnownFileType = sourcecode.swift; path = "URL+Utils.swift"; sourceTree = "<group>"; };
		B90F5F0E24FED1D50060BCF7 /* Int+Utils.swift */ = {isa = PBXFileReference; fileEncoding = 4; lastKnownFileType = sourcecode.swift; path = "Int+Utils.swift"; sourceTree = "<group>"; };
		B90F5F1224FED1D50060BCF7 /* NSObject+Utils.swift */ = {isa = PBXFileReference; fileEncoding = 4; lastKnownFileType = sourcecode.swift; path = "NSObject+Utils.swift"; sourceTree = "<group>"; };
		B90F5F1324FED1D50060BCF7 /* Array+Utils.swift */ = {isa = PBXFileReference; fileEncoding = 4; lastKnownFileType = sourcecode.swift; path = "Array+Utils.swift"; sourceTree = "<group>"; };
		B90F5F1424FED1D50060BCF7 /* String+Utils.swift */ = {isa = PBXFileReference; fileEncoding = 4; lastKnownFileType = sourcecode.swift; path = "String+Utils.swift"; sourceTree = "<group>"; };
		B90F5F2024FED2710060BCF7 /* APIDateFormatter.swift */ = {isa = PBXFileReference; fileEncoding = 4; lastKnownFileType = sourcecode.swift; path = APIDateFormatter.swift; sourceTree = "<group>"; };
		B90F5F2324FED3470060BCF7 /* PassportTests.swift */ = {isa = PBXFileReference; lastKnownFileType = sourcecode.swift; path = PassportTests.swift; sourceTree = "<group>"; };
		B90F5F2524FED93C0060BCF7 /* Dictionary+Utils.swift */ = {isa = PBXFileReference; lastKnownFileType = sourcecode.swift; path = "Dictionary+Utils.swift"; sourceTree = "<group>"; };
		B90F5F2724FEE2AE0060BCF7 /* TestConstants.swift */ = {isa = PBXFileReference; lastKnownFileType = sourcecode.swift; path = TestConstants.swift; sourceTree = "<group>"; };
		B90F5F2A24FEEE670060BCF7 /* User.swift */ = {isa = PBXFileReference; lastKnownFileType = sourcecode.swift; path = User.swift; sourceTree = "<group>"; };
		B9B279F624FEC53D00F34169 /* Yandex Music.app */ = {isa = PBXFileReference; explicitFileType = wrapper.application; includeInIndex = 0; path = "Yandex Music.app"; sourceTree = BUILT_PRODUCTS_DIR; };
		B9B279F924FEC53D00F34169 /* AppDelegate.swift */ = {isa = PBXFileReference; lastKnownFileType = sourcecode.swift; path = AppDelegate.swift; sourceTree = "<group>"; };
		B9B279FB24FEC54000F34169 /* Assets.xcassets */ = {isa = PBXFileReference; lastKnownFileType = folder.assetcatalog; path = Assets.xcassets; sourceTree = "<group>"; };
		B9B279FE24FEC54000F34169 /* Base */ = {isa = PBXFileReference; lastKnownFileType = file.xib; name = Base; path = Base.lproj/MainMenu.xib; sourceTree = "<group>"; };
		B9B27A0024FEC54000F34169 /* Info.plist */ = {isa = PBXFileReference; lastKnownFileType = text.plist.xml; path = Info.plist; sourceTree = "<group>"; };
		B9B27A0124FEC54000F34169 /* Yandex_Music.entitlements */ = {isa = PBXFileReference; lastKnownFileType = text.plist.entitlements; path = Yandex_Music.entitlements; sourceTree = "<group>"; };
		B9B27A0624FEC54000F34169 /* Yandex MusicTests.xctest */ = {isa = PBXFileReference; explicitFileType = wrapper.cfbundle; includeInIndex = 0; path = "Yandex MusicTests.xctest"; sourceTree = BUILT_PRODUCTS_DIR; };
		B9B27A0C24FEC54000F34169 /* Info.plist */ = {isa = PBXFileReference; lastKnownFileType = text.plist.xml; path = Info.plist; sourceTree = "<group>"; };
		B9B27A1124FEC54000F34169 /* Yandex MusicUITests.xctest */ = {isa = PBXFileReference; explicitFileType = wrapper.cfbundle; includeInIndex = 0; path = "Yandex MusicUITests.xctest"; sourceTree = BUILT_PRODUCTS_DIR; };
		B9B27A1524FEC54000F34169 /* Yandex_MusicUITests.swift */ = {isa = PBXFileReference; lastKnownFileType = sourcecode.swift; path = Yandex_MusicUITests.swift; sourceTree = "<group>"; };
		B9B27A1724FEC54000F34169 /* Info.plist */ = {isa = PBXFileReference; lastKnownFileType = text.plist.xml; path = Info.plist; sourceTree = "<group>"; };
		D8FCAEA9BF80CB1F7146569A /* Pods-Yandex MusicTests.release.xcconfig */ = {isa = PBXFileReference; includeInIndex = 1; lastKnownFileType = text.xcconfig; name = "Pods-Yandex MusicTests.release.xcconfig"; path = "Target Support Files/Pods-Yandex MusicTests/Pods-Yandex MusicTests.release.xcconfig"; sourceTree = "<group>"; };
		DA95AF2786DA7103094A20E9 /* Pods-Yandex Music-Yandex MusicUITests.release.xcconfig */ = {isa = PBXFileReference; includeInIndex = 1; lastKnownFileType = text.xcconfig; name = "Pods-Yandex Music-Yandex MusicUITests.release.xcconfig"; path = "Target Support Files/Pods-Yandex Music-Yandex MusicUITests/Pods-Yandex Music-Yandex MusicUITests.release.xcconfig"; sourceTree = "<group>"; };
/* End PBXFileReference section */

/* Begin PBXFrameworksBuildPhase section */
		B9B279F324FEC53D00F34169 /* Frameworks */ = {
			isa = PBXFrameworksBuildPhase;
			buildActionMask = 2147483647;
			files = (
				095B67E08F2BCA89E2F59442 /* Pods_Yandex_Music.framework in Frameworks */,
			);
			runOnlyForDeploymentPostprocessing = 0;
		};
		B9B27A0324FEC54000F34169 /* Frameworks */ = {
			isa = PBXFrameworksBuildPhase;
			buildActionMask = 2147483647;
			files = (
				3CCE49B006AD4502F8259C97 /* Pods_Yandex_MusicTests.framework in Frameworks */,
			);
			runOnlyForDeploymentPostprocessing = 0;
		};
		B9B27A0E24FEC54000F34169 /* Frameworks */ = {
			isa = PBXFrameworksBuildPhase;
			buildActionMask = 2147483647;
			files = (
				7C9B83DDCA60EA2C91CF5BB3 /* Pods_Yandex_Music_Yandex_MusicUITests.framework in Frameworks */,
			);
			runOnlyForDeploymentPostprocessing = 0;
		};
/* End PBXFrameworksBuildPhase section */

/* Begin PBXGroup section */
		B0F553A988B83FFEA825B47F /* Frameworks */ = {
			isa = PBXGroup;
			children = (
				1E5587C1DF8EF4E2FDE39258 /* Pods_Yandex_Music.framework */,
				25C57E64288134E52AE2586B /* Pods_Yandex_Music_Yandex_MusicUITests.framework */,
				94C80097C92EE73454BB8979 /* Pods_Yandex_MusicTests.framework */,
			);
			name = Frameworks;
			sourceTree = "<group>";
		};
		B90F5EF524FECC210060BCF7 /* Supporting files */ = {
			isa = PBXGroup;
			children = (
				B9B279FB24FEC54000F34169 /* Assets.xcassets */,
				B9B27A0024FEC54000F34169 /* Info.plist */,
				B9B27A0124FEC54000F34169 /* Yandex_Music.entitlements */,
			);
			path = "Supporting files";
			sourceTree = "<group>";
		};
		B90F5EF624FECD840060BCF7 /* Services */ = {
			isa = PBXGroup;
			children = (
				B90F5F0924FECFEF0060BCF7 /* PassportService.swift */,
			);
			path = Services;
			sourceTree = "<group>";
		};
		B90F5EF824FECD840060BCF7 /* Networking */ = {
			isa = PBXGroup;
			children = (
				B90F5EFA24FECD840060BCF7 /* Base */,
				B90F5F0724FECFD30060BCF7 /* PassportRouter.swift */,
			);
			path = Networking;
			sourceTree = "<group>";
		};
		B90F5EFA24FECD840060BCF7 /* Base */ = {
			isa = PBXGroup;
			children = (
				B90F5EFB24FECD840060BCF7 /* URLConvertible.swift */,
				B90F5EFE24FECD840060BCF7 /* APIRouter.swift */,
				B90F5EFD24FECD840060BCF7 /* JSONResponseDecoder.swift */,
				B90F5EFC24FECD840060BCF7 /* NetworkManager.swift */,
			);
			path = Base;
			sourceTree = "<group>";
		};
		B90F5F0B24FED1D50060BCF7 /* Extensions */ = {
			isa = PBXGroup;
			children = (
				B90F5F0D24FED1D50060BCF7 /* URL+Utils.swift */,
				B90F5F0E24FED1D50060BCF7 /* Int+Utils.swift */,
				B90F5F1224FED1D50060BCF7 /* NSObject+Utils.swift */,
				B90F5F1324FED1D50060BCF7 /* Array+Utils.swift */,
				B90F5F1424FED1D50060BCF7 /* String+Utils.swift */,
				B90F5F2524FED93C0060BCF7 /* Dictionary+Utils.swift */,
			);
			path = Extensions;
			sourceTree = "<group>";
		};
		B90F5F1F24FED2710060BCF7 /* Helpers */ = {
			isa = PBXGroup;
			children = (
				B90F5F2024FED2710060BCF7 /* APIDateFormatter.swift */,
			);
			path = Helpers;
			sourceTree = "<group>";
		};
		B90F5F2224FED32E0060BCF7 /* Networking Tests */ = {
			isa = PBXGroup;
			children = (
				B90F5F2324FED3470060BCF7 /* PassportTests.swift */,
			);
			path = "Networking Tests";
			sourceTree = "<group>";
		};
		B90F5F2924FEEE400060BCF7 /* Models */ = {
			isa = PBXGroup;
			children = (
				B90F5F2A24FEEE670060BCF7 /* User.swift */,
			);
			path = Models;
			sourceTree = "<group>";
		};
		B9B279ED24FEC53D00F34169 = {
			isa = PBXGroup;
			children = (
				B9B279F824FEC53D00F34169 /* Yandex Music */,
				B9B27A0924FEC54000F34169 /* Yandex MusicTests */,
				B9B27A1424FEC54000F34169 /* Yandex MusicUITests */,
				B9B279F724FEC53D00F34169 /* Products */,
				DFC58CD31C9557C0C8BEB2D3 /* Pods */,
				B0F553A988B83FFEA825B47F /* Frameworks */,
			);
			sourceTree = "<group>";
		};
		B9B279F724FEC53D00F34169 /* Products */ = {
			isa = PBXGroup;
			children = (
				B9B279F624FEC53D00F34169 /* Yandex Music.app */,
				B9B27A0624FEC54000F34169 /* Yandex MusicTests.xctest */,
				B9B27A1124FEC54000F34169 /* Yandex MusicUITests.xctest */,
			);
			name = Products;
			sourceTree = "<group>";
		};
		B9B279F824FEC53D00F34169 /* Yandex Music */ = {
			isa = PBXGroup;
			children = (
				B9B279F924FEC53D00F34169 /* AppDelegate.swift */,
				B90F5F0B24FED1D50060BCF7 /* Extensions */,
				B90F5F1F24FED2710060BCF7 /* Helpers */,
				B90F5EF824FECD840060BCF7 /* Networking */,
				B90F5EF624FECD840060BCF7 /* Services */,
				B90F5F2924FEEE400060BCF7 /* Models */,
				B90F5F0524FECE670060BCF7 /* Constants.swift */,
				B9B279FD24FEC54000F34169 /* MainMenu.xib */,
				B90F5EF524FECC210060BCF7 /* Supporting files */,
			);
			path = "Yandex Music";
			sourceTree = "<group>";
		};
		B9B27A0924FEC54000F34169 /* Yandex MusicTests */ = {
			isa = PBXGroup;
			children = (
				B90F5F2724FEE2AE0060BCF7 /* TestConstants.swift */,
				B90F5F2224FED32E0060BCF7 /* Networking Tests */,
				B9B27A0C24FEC54000F34169 /* Info.plist */,
			);
			path = "Yandex MusicTests";
			sourceTree = "<group>";
		};
		B9B27A1424FEC54000F34169 /* Yandex MusicUITests */ = {
			isa = PBXGroup;
			children = (
				B9B27A1524FEC54000F34169 /* Yandex_MusicUITests.swift */,
				B9B27A1724FEC54000F34169 /* Info.plist */,
			);
			path = "Yandex MusicUITests";
			sourceTree = "<group>";
		};
		DFC58CD31C9557C0C8BEB2D3 /* Pods */ = {
			isa = PBXGroup;
			children = (
				B3CA8A15A17149A00F38E522 /* Pods-Yandex Music.debug.xcconfig */,
				A740967A9E3CBA5CFCE9F7F9 /* Pods-Yandex Music.release.xcconfig */,
				293CAF1BEC3AE18B6E32371B /* Pods-Yandex Music-Yandex MusicUITests.debug.xcconfig */,
				DA95AF2786DA7103094A20E9 /* Pods-Yandex Music-Yandex MusicUITests.release.xcconfig */,
				4AFA44C3A3B89CE2848E5A50 /* Pods-Yandex MusicTests.debug.xcconfig */,
				D8FCAEA9BF80CB1F7146569A /* Pods-Yandex MusicTests.release.xcconfig */,
			);
			path = Pods;
			sourceTree = "<group>";
		};
/* End PBXGroup section */

/* Begin PBXNativeTarget section */
		B9B279F524FEC53D00F34169 /* Yandex Music */ = {
			isa = PBXNativeTarget;
			buildConfigurationList = B9B27A1A24FEC54000F34169 /* Build configuration list for PBXNativeTarget "Yandex Music" */;
			buildPhases = (
				A80FDF896394F5FEAF25CE68 /* [CP] Check Pods Manifest.lock */,
				B9B279F224FEC53D00F34169 /* Sources */,
				B9B279F324FEC53D00F34169 /* Frameworks */,
				B9B279F424FEC53D00F34169 /* Resources */,
			);
			buildRules = (
			);
			dependencies = (
			);
			name = "Yandex Music";
			productName = "Yandex Music";
			productReference = B9B279F624FEC53D00F34169 /* Yandex Music.app */;
			productType = "com.apple.product-type.application";
		};
		B9B27A0524FEC54000F34169 /* Yandex MusicTests */ = {
			isa = PBXNativeTarget;
			buildConfigurationList = B9B27A1D24FEC54000F34169 /* Build configuration list for PBXNativeTarget "Yandex MusicTests" */;
			buildPhases = (
				7213E5CE9FB462C8C43556B0 /* [CP] Check Pods Manifest.lock */,
				B9B27A0224FEC54000F34169 /* Sources */,
				B9B27A0324FEC54000F34169 /* Frameworks */,
				B9B27A0424FEC54000F34169 /* Resources */,
			);
			buildRules = (
			);
			dependencies = (
				B9B27A0824FEC54000F34169 /* PBXTargetDependency */,
			);
			name = "Yandex MusicTests";
			productName = "Yandex MusicTests";
			productReference = B9B27A0624FEC54000F34169 /* Yandex MusicTests.xctest */;
			productType = "com.apple.product-type.bundle.unit-test";
		};
		B9B27A1024FEC54000F34169 /* Yandex MusicUITests */ = {
			isa = PBXNativeTarget;
			buildConfigurationList = B9B27A2024FEC54000F34169 /* Build configuration list for PBXNativeTarget "Yandex MusicUITests" */;
			buildPhases = (
				0727A65BC53830E8409E83EA /* [CP] Check Pods Manifest.lock */,
				B9B27A0D24FEC54000F34169 /* Sources */,
				B9B27A0E24FEC54000F34169 /* Frameworks */,
				B9B27A0F24FEC54000F34169 /* Resources */,
			);
			buildRules = (
			);
			dependencies = (
				B9B27A1324FEC54000F34169 /* PBXTargetDependency */,
			);
			name = "Yandex MusicUITests";
			productName = "Yandex MusicUITests";
			productReference = B9B27A1124FEC54000F34169 /* Yandex MusicUITests.xctest */;
			productType = "com.apple.product-type.bundle.ui-testing";
		};
/* End PBXNativeTarget section */

/* Begin PBXProject section */
		B9B279EE24FEC53D00F34169 /* Project object */ = {
			isa = PBXProject;
			attributes = {
				LastSwiftUpdateCheck = 1160;
				LastUpgradeCheck = 1160;
				ORGANIZATIONNAME = "Maksim Rakhleyeu";
				TargetAttributes = {
					B9B279F524FEC53D00F34169 = {
						CreatedOnToolsVersion = 11.6;
					};
					B9B27A0524FEC54000F34169 = {
						CreatedOnToolsVersion = 11.6;
						TestTargetID = B9B279F524FEC53D00F34169;
					};
					B9B27A1024FEC54000F34169 = {
						CreatedOnToolsVersion = 11.6;
						TestTargetID = B9B279F524FEC53D00F34169;
					};
				};
			};
			buildConfigurationList = B9B279F124FEC53D00F34169 /* Build configuration list for PBXProject "Yandex Music" */;
			compatibilityVersion = "Xcode 9.3";
			developmentRegion = en;
			hasScannedForEncodings = 0;
			knownRegions = (
				en,
				Base,
			);
			mainGroup = B9B279ED24FEC53D00F34169;
			productRefGroup = B9B279F724FEC53D00F34169 /* Products */;
			projectDirPath = "";
			projectRoot = "";
			targets = (
				B9B279F524FEC53D00F34169 /* Yandex Music */,
				B9B27A0524FEC54000F34169 /* Yandex MusicTests */,
				B9B27A1024FEC54000F34169 /* Yandex MusicUITests */,
			);
		};
/* End PBXProject section */

/* Begin PBXResourcesBuildPhase section */
		B9B279F424FEC53D00F34169 /* Resources */ = {
			isa = PBXResourcesBuildPhase;
			buildActionMask = 2147483647;
			files = (
				B9B279FC24FEC54000F34169 /* Assets.xcassets in Resources */,
				B9B279FF24FEC54000F34169 /* MainMenu.xib in Resources */,
			);
			runOnlyForDeploymentPostprocessing = 0;
		};
		B9B27A0424FEC54000F34169 /* Resources */ = {
			isa = PBXResourcesBuildPhase;
			buildActionMask = 2147483647;
			files = (
			);
			runOnlyForDeploymentPostprocessing = 0;
		};
		B9B27A0F24FEC54000F34169 /* Resources */ = {
			isa = PBXResourcesBuildPhase;
			buildActionMask = 2147483647;
			files = (
			);
			runOnlyForDeploymentPostprocessing = 0;
		};
/* End PBXResourcesBuildPhase section */

/* Begin PBXShellScriptBuildPhase section */
		0727A65BC53830E8409E83EA /* [CP] Check Pods Manifest.lock */ = {
			isa = PBXShellScriptBuildPhase;
			buildActionMask = 2147483647;
			files = (
			);
			inputFileListPaths = (
			);
			inputPaths = (
				"${PODS_PODFILE_DIR_PATH}/Podfile.lock",
				"${PODS_ROOT}/Manifest.lock",
			);
			name = "[CP] Check Pods Manifest.lock";
			outputFileListPaths = (
			);
			outputPaths = (
				"$(DERIVED_FILE_DIR)/Pods-Yandex Music-Yandex MusicUITests-checkManifestLockResult.txt",
			);
			runOnlyForDeploymentPostprocessing = 0;
			shellPath = /bin/sh;
			shellScript = "diff \"${PODS_PODFILE_DIR_PATH}/Podfile.lock\" \"${PODS_ROOT}/Manifest.lock\" > /dev/null\nif [ $? != 0 ] ; then\n    # print error to STDERR\n    echo \"error: The sandbox is not in sync with the Podfile.lock. Run 'pod install' or update your CocoaPods installation.\" >&2\n    exit 1\nfi\n# This output is used by Xcode 'outputs' to avoid re-running this script phase.\necho \"SUCCESS\" > \"${SCRIPT_OUTPUT_FILE_0}\"\n";
			showEnvVarsInLog = 0;
		};
		7213E5CE9FB462C8C43556B0 /* [CP] Check Pods Manifest.lock */ = {
			isa = PBXShellScriptBuildPhase;
			buildActionMask = 2147483647;
			files = (
			);
			inputFileListPaths = (
			);
			inputPaths = (
				"${PODS_PODFILE_DIR_PATH}/Podfile.lock",
				"${PODS_ROOT}/Manifest.lock",
			);
			name = "[CP] Check Pods Manifest.lock";
			outputFileListPaths = (
			);
			outputPaths = (
				"$(DERIVED_FILE_DIR)/Pods-Yandex MusicTests-checkManifestLockResult.txt",
			);
			runOnlyForDeploymentPostprocessing = 0;
			shellPath = /bin/sh;
			shellScript = "diff \"${PODS_PODFILE_DIR_PATH}/Podfile.lock\" \"${PODS_ROOT}/Manifest.lock\" > /dev/null\nif [ $? != 0 ] ; then\n    # print error to STDERR\n    echo \"error: The sandbox is not in sync with the Podfile.lock. Run 'pod install' or update your CocoaPods installation.\" >&2\n    exit 1\nfi\n# This output is used by Xcode 'outputs' to avoid re-running this script phase.\necho \"SUCCESS\" > \"${SCRIPT_OUTPUT_FILE_0}\"\n";
			showEnvVarsInLog = 0;
		};
		A80FDF896394F5FEAF25CE68 /* [CP] Check Pods Manifest.lock */ = {
			isa = PBXShellScriptBuildPhase;
			buildActionMask = 2147483647;
			files = (
			);
			inputFileListPaths = (
			);
			inputPaths = (
				"${PODS_PODFILE_DIR_PATH}/Podfile.lock",
				"${PODS_ROOT}/Manifest.lock",
			);
			name = "[CP] Check Pods Manifest.lock";
			outputFileListPaths = (
			);
			outputPaths = (
				"$(DERIVED_FILE_DIR)/Pods-Yandex Music-checkManifestLockResult.txt",
			);
			runOnlyForDeploymentPostprocessing = 0;
			shellPath = /bin/sh;
			shellScript = "diff \"${PODS_PODFILE_DIR_PATH}/Podfile.lock\" \"${PODS_ROOT}/Manifest.lock\" > /dev/null\nif [ $? != 0 ] ; then\n    # print error to STDERR\n    echo \"error: The sandbox is not in sync with the Podfile.lock. Run 'pod install' or update your CocoaPods installation.\" >&2\n    exit 1\nfi\n# This output is used by Xcode 'outputs' to avoid re-running this script phase.\necho \"SUCCESS\" > \"${SCRIPT_OUTPUT_FILE_0}\"\n";
			showEnvVarsInLog = 0;
		};
/* End PBXShellScriptBuildPhase section */

/* Begin PBXSourcesBuildPhase section */
		B9B279F224FEC53D00F34169 /* Sources */ = {
			isa = PBXSourcesBuildPhase;
			buildActionMask = 2147483647;
			files = (
				B90F5F1D24FED1D50060BCF7 /* String+Utils.swift in Sources */,
				B90F5F2124FED2710060BCF7 /* APIDateFormatter.swift in Sources */,
				B90F5F2624FED93C0060BCF7 /* Dictionary+Utils.swift in Sources */,
				B90F5F0424FECD840060BCF7 /* APIRouter.swift in Sources */,
				B90F5F2B24FEEE670060BCF7 /* User.swift in Sources */,
				B90F5F1B24FED1D50060BCF7 /* NSObject+Utils.swift in Sources */,
				B9B279FA24FEC53D00F34169 /* AppDelegate.swift in Sources */,
				B90F5F1C24FED1D50060BCF7 /* Array+Utils.swift in Sources */,
				B90F5F0224FECD840060BCF7 /* NetworkManager.swift in Sources */,
				B90F5F0824FECFD30060BCF7 /* PassportRouter.swift in Sources */,
				B90F5F1824FED1D50060BCF7 /* Int+Utils.swift in Sources */,
				B90F5F0124FECD840060BCF7 /* URLConvertible.swift in Sources */,
				B90F5F0A24FECFEF0060BCF7 /* PassportService.swift in Sources */,
				B90F5F0324FECD840060BCF7 /* JSONResponseDecoder.swift in Sources */,
				B90F5F0624FECE670060BCF7 /* Constants.swift in Sources */,
				B90F5F1724FED1D50060BCF7 /* URL+Utils.swift in Sources */,
			);
			runOnlyForDeploymentPostprocessing = 0;
		};
		B9B27A0224FEC54000F34169 /* Sources */ = {
			isa = PBXSourcesBuildPhase;
			buildActionMask = 2147483647;
			files = (
				B90F5F2424FED3470060BCF7 /* PassportTests.swift in Sources */,
				B90F5F2824FEE2AE0060BCF7 /* TestConstants.swift in Sources */,
			);
			runOnlyForDeploymentPostprocessing = 0;
		};
		B9B27A0D24FEC54000F34169 /* Sources */ = {
			isa = PBXSourcesBuildPhase;
			buildActionMask = 2147483647;
			files = (
				B9B27A1624FEC54000F34169 /* Yandex_MusicUITests.swift in Sources */,
			);
			runOnlyForDeploymentPostprocessing = 0;
		};
/* End PBXSourcesBuildPhase section */

/* Begin PBXTargetDependency section */
		B9B27A0824FEC54000F34169 /* PBXTargetDependency */ = {
			isa = PBXTargetDependency;
			target = B9B279F524FEC53D00F34169 /* Yandex Music */;
			targetProxy = B9B27A0724FEC54000F34169 /* PBXContainerItemProxy */;
		};
		B9B27A1324FEC54000F34169 /* PBXTargetDependency */ = {
			isa = PBXTargetDependency;
			target = B9B279F524FEC53D00F34169 /* Yandex Music */;
			targetProxy = B9B27A1224FEC54000F34169 /* PBXContainerItemProxy */;
		};
/* End PBXTargetDependency section */

/* Begin PBXVariantGroup section */
		B9B279FD24FEC54000F34169 /* MainMenu.xib */ = {
			isa = PBXVariantGroup;
			children = (
				B9B279FE24FEC54000F34169 /* Base */,
			);
			name = MainMenu.xib;
			sourceTree = "<group>";
		};
/* End PBXVariantGroup section */

/* Begin XCBuildConfiguration section */
		B9B27A1824FEC54000F34169 /* Debug */ = {
			isa = XCBuildConfiguration;
			buildSettings = {
				ALWAYS_SEARCH_USER_PATHS = NO;
				CLANG_ANALYZER_NONNULL = YES;
				CLANG_ANALYZER_NUMBER_OBJECT_CONVERSION = YES_AGGRESSIVE;
				CLANG_CXX_LANGUAGE_STANDARD = "gnu++14";
				CLANG_CXX_LIBRARY = "libc++";
				CLANG_ENABLE_MODULES = YES;
				CLANG_ENABLE_OBJC_ARC = YES;
				CLANG_ENABLE_OBJC_WEAK = YES;
				CLANG_WARN_BLOCK_CAPTURE_AUTORELEASING = YES;
				CLANG_WARN_BOOL_CONVERSION = YES;
				CLANG_WARN_COMMA = YES;
				CLANG_WARN_CONSTANT_CONVERSION = YES;
				CLANG_WARN_DEPRECATED_OBJC_IMPLEMENTATIONS = YES;
				CLANG_WARN_DIRECT_OBJC_ISA_USAGE = YES_ERROR;
				CLANG_WARN_DOCUMENTATION_COMMENTS = YES;
				CLANG_WARN_EMPTY_BODY = YES;
				CLANG_WARN_ENUM_CONVERSION = YES;
				CLANG_WARN_INFINITE_RECURSION = YES;
				CLANG_WARN_INT_CONVERSION = YES;
				CLANG_WARN_NON_LITERAL_NULL_CONVERSION = YES;
				CLANG_WARN_OBJC_IMPLICIT_RETAIN_SELF = YES;
				CLANG_WARN_OBJC_LITERAL_CONVERSION = YES;
				CLANG_WARN_OBJC_ROOT_CLASS = YES_ERROR;
				CLANG_WARN_RANGE_LOOP_ANALYSIS = YES;
				CLANG_WARN_STRICT_PROTOTYPES = YES;
				CLANG_WARN_SUSPICIOUS_MOVE = YES;
				CLANG_WARN_UNGUARDED_AVAILABILITY = YES_AGGRESSIVE;
				CLANG_WARN_UNREACHABLE_CODE = YES;
				CLANG_WARN__DUPLICATE_METHOD_MATCH = YES;
				COPY_PHASE_STRIP = NO;
				DEBUG_INFORMATION_FORMAT = dwarf;
				ENABLE_STRICT_OBJC_MSGSEND = YES;
				ENABLE_TESTABILITY = YES;
				GCC_C_LANGUAGE_STANDARD = gnu11;
				GCC_DYNAMIC_NO_PIC = NO;
				GCC_NO_COMMON_BLOCKS = YES;
				GCC_OPTIMIZATION_LEVEL = 0;
				GCC_PREPROCESSOR_DEFINITIONS = (
					"DEBUG=1",
					"$(inherited)",
				);
				GCC_WARN_64_TO_32_BIT_CONVERSION = YES;
				GCC_WARN_ABOUT_RETURN_TYPE = YES_ERROR;
				GCC_WARN_UNDECLARED_SELECTOR = YES;
				GCC_WARN_UNINITIALIZED_AUTOS = YES_AGGRESSIVE;
				GCC_WARN_UNUSED_FUNCTION = YES;
				GCC_WARN_UNUSED_VARIABLE = YES;
				MACOSX_DEPLOYMENT_TARGET = 10.15;
				MTL_ENABLE_DEBUG_INFO = INCLUDE_SOURCE;
				MTL_FAST_MATH = YES;
				ONLY_ACTIVE_ARCH = YES;
				SDKROOT = macosx;
				SWIFT_ACTIVE_COMPILATION_CONDITIONS = DEBUG;
				SWIFT_OPTIMIZATION_LEVEL = "-Onone";
			};
			name = Debug;
		};
		B9B27A1924FEC54000F34169 /* Release */ = {
			isa = XCBuildConfiguration;
			buildSettings = {
				ALWAYS_SEARCH_USER_PATHS = NO;
				CLANG_ANALYZER_NONNULL = YES;
				CLANG_ANALYZER_NUMBER_OBJECT_CONVERSION = YES_AGGRESSIVE;
				CLANG_CXX_LANGUAGE_STANDARD = "gnu++14";
				CLANG_CXX_LIBRARY = "libc++";
				CLANG_ENABLE_MODULES = YES;
				CLANG_ENABLE_OBJC_ARC = YES;
				CLANG_ENABLE_OBJC_WEAK = YES;
				CLANG_WARN_BLOCK_CAPTURE_AUTORELEASING = YES;
				CLANG_WARN_BOOL_CONVERSION = YES;
				CLANG_WARN_COMMA = YES;
				CLANG_WARN_CONSTANT_CONVERSION = YES;
				CLANG_WARN_DEPRECATED_OBJC_IMPLEMENTATIONS = YES;
				CLANG_WARN_DIRECT_OBJC_ISA_USAGE = YES_ERROR;
				CLANG_WARN_DOCUMENTATION_COMMENTS = YES;
				CLANG_WARN_EMPTY_BODY = YES;
				CLANG_WARN_ENUM_CONVERSION = YES;
				CLANG_WARN_INFINITE_RECURSION = YES;
				CLANG_WARN_INT_CONVERSION = YES;
				CLANG_WARN_NON_LITERAL_NULL_CONVERSION = YES;
				CLANG_WARN_OBJC_IMPLICIT_RETAIN_SELF = YES;
				CLANG_WARN_OBJC_LITERAL_CONVERSION = YES;
				CLANG_WARN_OBJC_ROOT_CLASS = YES_ERROR;
				CLANG_WARN_RANGE_LOOP_ANALYSIS = YES;
				CLANG_WARN_STRICT_PROTOTYPES = YES;
				CLANG_WARN_SUSPICIOUS_MOVE = YES;
				CLANG_WARN_UNGUARDED_AVAILABILITY = YES_AGGRESSIVE;
				CLANG_WARN_UNREACHABLE_CODE = YES;
				CLANG_WARN__DUPLICATE_METHOD_MATCH = YES;
				COPY_PHASE_STRIP = NO;
				DEBUG_INFORMATION_FORMAT = "dwarf-with-dsym";
				ENABLE_NS_ASSERTIONS = NO;
				ENABLE_STRICT_OBJC_MSGSEND = YES;
				GCC_C_LANGUAGE_STANDARD = gnu11;
				GCC_NO_COMMON_BLOCKS = YES;
				GCC_WARN_64_TO_32_BIT_CONVERSION = YES;
				GCC_WARN_ABOUT_RETURN_TYPE = YES_ERROR;
				GCC_WARN_UNDECLARED_SELECTOR = YES;
				GCC_WARN_UNINITIALIZED_AUTOS = YES_AGGRESSIVE;
				GCC_WARN_UNUSED_FUNCTION = YES;
				GCC_WARN_UNUSED_VARIABLE = YES;
				MACOSX_DEPLOYMENT_TARGET = 10.15;
				MTL_ENABLE_DEBUG_INFO = NO;
				MTL_FAST_MATH = YES;
				SDKROOT = macosx;
				SWIFT_COMPILATION_MODE = wholemodule;
				SWIFT_OPTIMIZATION_LEVEL = "-O";
			};
			name = Release;
		};
		B9B27A1B24FEC54000F34169 /* Debug */ = {
			isa = XCBuildConfiguration;
			baseConfigurationReference = B3CA8A15A17149A00F38E522 /* Pods-Yandex Music.debug.xcconfig */;
			buildSettings = {
				ASSETCATALOG_COMPILER_APPICON_NAME = AppIcon;
				CODE_SIGN_ENTITLEMENTS = "Yandex Music/Supporting files/Yandex_Music.entitlements";
				CODE_SIGN_STYLE = Automatic;
				COMBINE_HIDPI_IMAGES = YES;
				DEVELOPMENT_TEAM = KM97TVLHSC;
				ENABLE_HARDENED_RUNTIME = YES;
				INFOPLIST_FILE = "Yandex Music/Supporting files/Info.plist";
				LD_RUNPATH_SEARCH_PATHS = (
					"$(inherited)",
					"@executable_path/../Frameworks",
				);
				PRODUCT_BUNDLE_IDENTIFIER = "com.mr.Yandex-Music";
				PRODUCT_NAME = "$(TARGET_NAME)";
				SWIFT_VERSION = 5.0;
			};
			name = Debug;
		};
		B9B27A1C24FEC54000F34169 /* Release */ = {
			isa = XCBuildConfiguration;
			baseConfigurationReference = A740967A9E3CBA5CFCE9F7F9 /* Pods-Yandex Music.release.xcconfig */;
			buildSettings = {
				ASSETCATALOG_COMPILER_APPICON_NAME = AppIcon;
				CODE_SIGN_ENTITLEMENTS = "Yandex Music/Supporting files/Yandex_Music.entitlements";
				CODE_SIGN_STYLE = Automatic;
				COMBINE_HIDPI_IMAGES = YES;
				DEVELOPMENT_TEAM = KM97TVLHSC;
				ENABLE_HARDENED_RUNTIME = YES;
				INFOPLIST_FILE = "Yandex Music/Supporting files/Info.plist";
				LD_RUNPATH_SEARCH_PATHS = (
					"$(inherited)",
					"@executable_path/../Frameworks",
				);
				PRODUCT_BUNDLE_IDENTIFIER = "com.mr.Yandex-Music";
				PRODUCT_NAME = "$(TARGET_NAME)";
				SWIFT_VERSION = 5.0;
			};
			name = Release;
		};
		B9B27A1E24FEC54000F34169 /* Debug */ = {
			isa = XCBuildConfiguration;
			baseConfigurationReference = 4AFA44C3A3B89CE2848E5A50 /* Pods-Yandex MusicTests.debug.xcconfig */;
			buildSettings = {
				ALWAYS_EMBED_SWIFT_STANDARD_LIBRARIES = YES;
				BUNDLE_LOADER = "$(TEST_HOST)";
				CODE_SIGN_STYLE = Automatic;
				COMBINE_HIDPI_IMAGES = YES;
				DEVELOPMENT_TEAM = KM97TVLHSC;
				INFOPLIST_FILE = "Yandex MusicTests/Info.plist";
				LD_RUNPATH_SEARCH_PATHS = (
					"$(inherited)",
					"@executable_path/../Frameworks",
					"@loader_path/../Frameworks",
				);
				MACOSX_DEPLOYMENT_TARGET = 10.15;
				PRODUCT_BUNDLE_IDENTIFIER = "com.mr.Yandex-MusicTests";
				PRODUCT_NAME = "$(TARGET_NAME)";
				SWIFT_VERSION = 5.0;
				TEST_HOST = "$(BUILT_PRODUCTS_DIR)/Yandex Music.app/Contents/MacOS/Yandex Music";
			};
			name = Debug;
		};
		B9B27A1F24FEC54000F34169 /* Release */ = {
			isa = XCBuildConfiguration;
			baseConfigurationReference = D8FCAEA9BF80CB1F7146569A /* Pods-Yandex MusicTests.release.xcconfig */;
			buildSettings = {
				ALWAYS_EMBED_SWIFT_STANDARD_LIBRARIES = YES;
				BUNDLE_LOADER = "$(TEST_HOST)";
				CODE_SIGN_STYLE = Automatic;
				COMBINE_HIDPI_IMAGES = YES;
				DEVELOPMENT_TEAM = KM97TVLHSC;
				INFOPLIST_FILE = "Yandex MusicTests/Info.plist";
				LD_RUNPATH_SEARCH_PATHS = (
					"$(inherited)",
					"@executable_path/../Frameworks",
					"@loader_path/../Frameworks",
				);
				MACOSX_DEPLOYMENT_TARGET = 10.15;
				PRODUCT_BUNDLE_IDENTIFIER = "com.mr.Yandex-MusicTests";
				PRODUCT_NAME = "$(TARGET_NAME)";
				SWIFT_VERSION = 5.0;
				TEST_HOST = "$(BUILT_PRODUCTS_DIR)/Yandex Music.app/Contents/MacOS/Yandex Music";
			};
			name = Release;
		};
		B9B27A2124FEC54000F34169 /* Debug */ = {
			isa = XCBuildConfiguration;
			baseConfigurationReference = 293CAF1BEC3AE18B6E32371B /* Pods-Yandex Music-Yandex MusicUITests.debug.xcconfig */;
			buildSettings = {
				ALWAYS_EMBED_SWIFT_STANDARD_LIBRARIES = YES;
				CODE_SIGN_STYLE = Automatic;
				COMBINE_HIDPI_IMAGES = YES;
				DEVELOPMENT_TEAM = KM97TVLHSC;
				INFOPLIST_FILE = "Yandex MusicUITests/Info.plist";
				LD_RUNPATH_SEARCH_PATHS = (
					"$(inherited)",
					"@executable_path/../Frameworks",
					"@loader_path/../Frameworks",
				);
				PRODUCT_BUNDLE_IDENTIFIER = "com.mr.Yandex-MusicUITests";
				PRODUCT_NAME = "$(TARGET_NAME)";
				SWIFT_VERSION = 5.0;
				TEST_TARGET_NAME = "Yandex Music";
			};
			name = Debug;
		};
		B9B27A2224FEC54000F34169 /* Release */ = {
			isa = XCBuildConfiguration;
			baseConfigurationReference = DA95AF2786DA7103094A20E9 /* Pods-Yandex Music-Yandex MusicUITests.release.xcconfig */;
			buildSettings = {
				ALWAYS_EMBED_SWIFT_STANDARD_LIBRARIES = YES;
				CODE_SIGN_STYLE = Automatic;
				COMBINE_HIDPI_IMAGES = YES;
				DEVELOPMENT_TEAM = KM97TVLHSC;
				INFOPLIST_FILE = "Yandex MusicUITests/Info.plist";
				LD_RUNPATH_SEARCH_PATHS = (
					"$(inherited)",
					"@executable_path/../Frameworks",
					"@loader_path/../Frameworks",
				);
				PRODUCT_BUNDLE_IDENTIFIER = "com.mr.Yandex-MusicUITests";
				PRODUCT_NAME = "$(TARGET_NAME)";
				SWIFT_VERSION = 5.0;
				TEST_TARGET_NAME = "Yandex Music";
			};
			name = Release;
		};
/* End XCBuildConfiguration section */

/* Begin XCConfigurationList section */
		B9B279F124FEC53D00F34169 /* Build configuration list for PBXProject "Yandex Music" */ = {
			isa = XCConfigurationList;
			buildConfigurations = (
				B9B27A1824FEC54000F34169 /* Debug */,
				B9B27A1924FEC54000F34169 /* Release */,
			);
			defaultConfigurationIsVisible = 0;
			defaultConfigurationName = Release;
		};
		B9B27A1A24FEC54000F34169 /* Build configuration list for PBXNativeTarget "Yandex Music" */ = {
			isa = XCConfigurationList;
			buildConfigurations = (
				B9B27A1B24FEC54000F34169 /* Debug */,
				B9B27A1C24FEC54000F34169 /* Release */,
			);
			defaultConfigurationIsVisible = 0;
			defaultConfigurationName = Release;
		};
		B9B27A1D24FEC54000F34169 /* Build configuration list for PBXNativeTarget "Yandex MusicTests" */ = {
			isa = XCConfigurationList;
			buildConfigurations = (
				B9B27A1E24FEC54000F34169 /* Debug */,
				B9B27A1F24FEC54000F34169 /* Release */,
			);
			defaultConfigurationIsVisible = 0;
			defaultConfigurationName = Release;
		};
		B9B27A2024FEC54000F34169 /* Build configuration list for PBXNativeTarget "Yandex MusicUITests" */ = {
			isa = XCConfigurationList;
			buildConfigurations = (
				B9B27A2124FEC54000F34169 /* Debug */,
				B9B27A2224FEC54000F34169 /* Release */,
			);
			defaultConfigurationIsVisible = 0;
			defaultConfigurationName = Release;
		};
/* End XCConfigurationList section */
	};
	rootObject = B9B279EE24FEC53D00F34169 /* Project object */;
}
